
Microsoft Visual Studio Solution File, Format Version 12.00
# Visual Studio Version 17
VisualStudioVersion = 17.4.33122.133
MinimumVisualStudioVersion = 10.0.40219.1
Project("{FAE04EC0-301F-11D3-BF4B-00C04F79EFBC}") = "ChooseYourRecipe!", "ChooseYourRecipe!\ChooseYourRecipe!.csproj", "{AC70FF1B-0E81-4E2C-ABBE-3C1FCF6F259F}"
EndProject
Global
	GlobalSection(SolutionConfigurationPlatforms) = preSolution
		Debug|Any CPU = Debug|Any CPU
		Release|Any CPU = Release|Any CPU
	EndGlobalSection
	GlobalSection(ProjectConfigurationPlatforms) = postSolution
		{AC70FF1B-0E81-4E2C-ABBE-3C1FCF6F259F}.Debug|Any CPU.ActiveCfg = Debug|Any CPU
		{AC70FF1B-0E81-4E2C-ABBE-3C1FCF6F259F}.Debug|Any CPU.Build.0 = Debug|Any CPU
		{AC70FF1B-0E81-4E2C-ABBE-3C1FCF6F259F}.Release|Any CPU.ActiveCfg = Release|Any CPU
		{AC70FF1B-0E81-4E2C-ABBE-3C1FCF6F259F}.Release|Any CPU.Build.0 = Release|Any CPU
	EndGlobalSection
	GlobalSection(SolutionProperties) = preSolution
		HideSolutionNode = FALSE
	EndGlobalSection
	GlobalSection(ExtensibilityGlobals) = postSolution
		SolutionGuid = {D180C31C-A21A-4D2D-87EF-CA8AF1E9E312}
	EndGlobalSection
EndGlobal
